github.com/iovisor/gobpf v0.2.1-0.20221005153822-16120a1bf4d4 h1:WpizD4VUT5V+VcaQSvW5BlvFpQYrd2974H9KbiGa5/0=
github.com/iovisor/gobpf v0.2.1-0.20221005153822-16120a1bf4d4/go.mod h1:WSY9Jj5RhdgC3ci1QaacvbFdQ8cbrEjrpiZbLHLt2s4=
github.com/tmthrgd/go-popcount v0.0.0-20190904054823-afb1ace8b04f h1:Phf2p9+twoHct5ZjSTrI8K7iWeSxO4x1p5pShTl0J00=
github.com/tmthrgd/go-popcount v0.0.0-20190904054823-afb1ace8b04f/go.mod h1:FcUQfrsAsSSqM3n9xf4EtPzB8tWzt58/y0AV+wNNM8Q=
